{
  "name": "3d-print-matcher",
  "lockfileVersion": 2,
  "requires": true,
  "packages": {
    "": {
      "dependencies": {
        "vue-upload-component": "^2.8.22"
      }
    },
    "node_modules/vue-upload-component": {
      "version": "2.8.22",
      "resolved": "https://registry.npmjs.org/vue-upload-component/-/vue-upload-component-2.8.22.tgz",
      "integrity": "sha512-AJpETqiZrgqs8bwJQpWTFrRg3i6s7cUodRRZVnb1f94Jvpd0YYfzGY4zluBqPmssNSkUaYu7EteXaK8aW17Osw=="
    }
  },
  "dependencies": {
    "vue-upload-component": {
      "version": "2.8.22",
      "resolved": "https://registry.npmjs.org/vue-upload-component/-/vue-upload-component-2.8.22.tgz",
      "integrity": "sha512-AJpETqiZrgqs8bwJQpWTFrRg3i6s7cUodRRZVnb1f94Jvpd0YYfzGY4zluBqPmssNSkUaYu7EteXaK8aW17Osw=="
    }
  }
}
